
Microsoft Visual Studio Solution File, Format Version 12.00
# Visual Studio Version 17
VisualStudioVersion = 17.7.34031.279
MinimumVisualStudioVersion = 10.0.40219.1
Project("{FAE04EC0-301F-11D3-BF4B-00C04F79EFBC}") = "Text Readers and Writers", "Text Readers and Writers\Text Readers and Writers.csproj", "{BEC88EF7-7A76-4E92-95FE-35975DF19AAB}"
EndProject
Global
	GlobalSection(SolutionConfigurationPlatforms) = preSolution
		Debug|Any CPU = Debug|Any CPU
		Release|Any CPU = Release|Any CPU
	EndGlobalSection
	GlobalSection(ProjectConfigurationPlatforms) = postSolution
		{BEC88EF7-7A76-4E92-95FE-35975DF19AAB}.Debug|Any CPU.ActiveCfg = Debug|Any CPU
		{BEC88EF7-7A76-4E92-95FE-35975DF19AAB}.Debug|Any CPU.Build.0 = Debug|Any CPU
		{BEC88EF7-7A76-4E92-95FE-35975DF19AAB}.Release|Any CPU.ActiveCfg = Release|Any CPU
		{BEC88EF7-7A76-4E92-95FE-35975DF19AAB}.Release|Any CPU.Build.0 = Release|Any CPU
	EndGlobalSection
	GlobalSection(SolutionProperties) = preSolution
		HideSolutionNode = FALSE
	EndGlobalSection
	GlobalSection(ExtensibilityGlobals) = postSolution
		SolutionGuid = {68A7B99C-C47D-4332-B3D8-797822DC7844}
	EndGlobalSection
EndGlobal
