
Microsoft Visual Studio Solution File, Format Version 12.00
# Visual Studio Version 17
VisualStudioVersion = 17.7.34031.279
MinimumVisualStudioVersion = 10.0.40219.1
Project("{9A19103F-16F7-4668-BE54-9A1E7A4F7556}") = "DictanarySample", "ConsoleApp1\DictanarySample.csproj", "{92DBAC67-315C-466D-B95B-9FC2A6FA616B}"
EndProject
Project("{9A19103F-16F7-4668-BE54-9A1E7A4F7556}") = "2. Average Student Grades", "2. Average Student Grades\2. Average Student Grades.csproj", "{CDB90474-8AAC-481B-92AC-5DF8D948F8E8}"
EndProject
Project("{FAE04EC0-301F-11D3-BF4B-00C04F79EFBC}") = "3. Largest 3 Numbers", "3. Largest 3 Numbers\3. Largest 3 Numbers.csproj", "{ED60EE0B-D1B7-4718-BE30-7284E59D5E3F}"
EndProject
Global
	GlobalSection(SolutionConfigurationPlatforms) = preSolution
		Debug|Any CPU = Debug|Any CPU
		Release|Any CPU = Release|Any CPU
	EndGlobalSection
	GlobalSection(ProjectConfigurationPlatforms) = postSolution
		{92DBAC67-315C-466D-B95B-9FC2A6FA616B}.Debug|Any CPU.ActiveCfg = Debug|Any CPU
		{92DBAC67-315C-466D-B95B-9FC2A6FA616B}.Debug|Any CPU.Build.0 = Debug|Any CPU
		{92DBAC67-315C-466D-B95B-9FC2A6FA616B}.Release|Any CPU.ActiveCfg = Release|Any CPU
		{92DBAC67-315C-466D-B95B-9FC2A6FA616B}.Release|Any CPU.Build.0 = Release|Any CPU
		{CDB90474-8AAC-481B-92AC-5DF8D948F8E8}.Debug|Any CPU.ActiveCfg = Debug|Any CPU
		{CDB90474-8AAC-481B-92AC-5DF8D948F8E8}.Debug|Any CPU.Build.0 = Debug|Any CPU
		{CDB90474-8AAC-481B-92AC-5DF8D948F8E8}.Release|Any CPU.ActiveCfg = Release|Any CPU
		{CDB90474-8AAC-481B-92AC-5DF8D948F8E8}.Release|Any CPU.Build.0 = Release|Any CPU
		{ED60EE0B-D1B7-4718-BE30-7284E59D5E3F}.Debug|Any CPU.ActiveCfg = Debug|Any CPU
		{ED60EE0B-D1B7-4718-BE30-7284E59D5E3F}.Debug|Any CPU.Build.0 = Debug|Any CPU
		{ED60EE0B-D1B7-4718-BE30-7284E59D5E3F}.Release|Any CPU.ActiveCfg = Release|Any CPU
		{ED60EE0B-D1B7-4718-BE30-7284E59D5E3F}.Release|Any CPU.Build.0 = Release|Any CPU
	EndGlobalSection
	GlobalSection(SolutionProperties) = preSolution
		HideSolutionNode = FALSE
	EndGlobalSection
	GlobalSection(ExtensibilityGlobals) = postSolution
		SolutionGuid = {F279FA7C-733F-4889-9826-E682279398AB}
	EndGlobalSection
EndGlobal
